
Microsoft Visual Studio Solution File, Format Version 12.00
# Visual Studio Version 16
VisualStudioVersion = 16.0.29806.167
MinimumVisualStudioVersion = 10.0.40219.1
Project("{FAE04EC0-301F-11D3-BF4B-00C04F79EFBC}") = "P4_Lab11", "P4_Lab11\P4_Lab11.csproj", "{5FCFC61C-000E-457C-9FEB-ECC02BD003AA}"
EndProject
Global
	GlobalSection(SolutionConfigurationPlatforms) = preSolution
		Debug|Any CPU = Debug|Any CPU
		Release|Any CPU = Release|Any CPU
	EndGlobalSection
	GlobalSection(ProjectConfigurationPlatforms) = postSolution
		{5FCFC61C-000E-457C-9FEB-ECC02BD003AA}.Debug|Any CPU.ActiveCfg = Debug|Any CPU
		{5FCFC61C-000E-457C-9FEB-ECC02BD003AA}.Debug|Any CPU.Build.0 = Debug|Any CPU
		{5FCFC61C-000E-457C-9FEB-ECC02BD003AA}.Release|Any CPU.ActiveCfg = Release|Any CPU
		{5FCFC61C-000E-457C-9FEB-ECC02BD003AA}.Release|Any CPU.Build.0 = Release|Any CPU
	EndGlobalSection
	GlobalSection(SolutionProperties) = preSolution
		HideSolutionNode = FALSE
	EndGlobalSection
	GlobalSection(ExtensibilityGlobals) = postSolution
		SolutionGuid = {5E92A912-7DEA-4686-A126-5774B2CABB6E}
	EndGlobalSection
EndGlobal
